
Microsoft Visual Studio Solution File, Format Version 12.00
# Visual Studio Version 17
VisualStudioVersion = 17.11.35312.102
MinimumVisualStudioVersion = 10.0.40219.1
Project("{FAE04EC0-301F-11D3-BF4B-00C04F79EFBC}") = "RazorPagesMovie", "RazorPagesMovie.csproj", "{40F21432-5532-495B-B749-C65ED3476D02}"
EndProject
Global
	GlobalSection(SolutionConfigurationPlatforms) = preSolution
		Debug|Any CPU = Debug|Any CPU
		Release|Any CPU = Release|Any CPU
	EndGlobalSection
	GlobalSection(ProjectConfigurationPlatforms) = postSolution
		{40F21432-5532-495B-B749-C65ED3476D02}.Debug|Any CPU.ActiveCfg = Debug|Any CPU
		{40F21432-5532-495B-B749-C65ED3476D02}.Debug|Any CPU.Build.0 = Debug|Any CPU
		{40F21432-5532-495B-B749-C65ED3476D02}.Release|Any CPU.ActiveCfg = Release|Any CPU
		{40F21432-5532-495B-B749-C65ED3476D02}.Release|Any CPU.Build.0 = Release|Any CPU
	EndGlobalSection
	GlobalSection(SolutionProperties) = preSolution
		HideSolutionNode = FALSE
	EndGlobalSection
	GlobalSection(ExtensibilityGlobals) = postSolution
		SolutionGuid = {A1D7521C-93F3-4318-BEC8-C510F5F58BA2}
	EndGlobalSection
EndGlobal
